
Microsoft Visual Studio Solution File, Format Version 12.00
# Visual Studio Version 16
VisualStudioVersion = 16.0.29613.14
MinimumVisualStudioVersion = 10.0.40219.1
Project("{9A19103F-16F7-4668-BE54-9A1E7A4F7556}") = "PIoT2020.Server", "PIoT2020\Server\PIoT2020.Server.csproj", "{DDFE3B7F-948C-4568-8335-34D3F856AE42}"
EndProject
Project("{9A19103F-16F7-4668-BE54-9A1E7A4F7556}") = "PIoT2020.Client", "PIoT2020\Client\PIoT2020.Client.csproj", "{D79B01DE-BB8A-40B4-8803-0F9C050661CD}"
EndProject
Project("{9A19103F-16F7-4668-BE54-9A1E7A4F7556}") = "PIoT2020.Shared", "PIoT2020\Shared\PIoT2020.Shared.csproj", "{17CC86C2-5248-411F-8CAD-B67448FE88F6}"
EndProject
Project("{2150E333-8FDC-42A3-9474-1A3956D46DE8}") = "CapasBase", "CapasBase", "{9BA1FFE3-3700-4FCA-8053-8E70B75C9F62}"
EndProject
Project("{2150E333-8FDC-42A3-9474-1A3956D46DE8}") = "Presentacion", "Presentacion", "{8633B044-C157-4BE7-97BD-1483070DB375}"
EndProject
Project("{9A19103F-16F7-4668-BE54-9A1E7A4F7556}") = "PIoT2020.COMMON", "PIoT2020.COMMON\PIoT2020.COMMON.csproj", "{1DF1CD14-DBFF-4AFB-8D30-3474ECB1BDDE}"
EndProject
Project("{9A19103F-16F7-4668-BE54-9A1E7A4F7556}") = "PIoT2020.DAL", "PIoT2020.DAL\PIoT2020.DAL.csproj", "{538BC7FF-6144-4B37-9040-54C023C3F6D1}"
EndProject
Project("{9A19103F-16F7-4668-BE54-9A1E7A4F7556}") = "PIoT2020.DAL.API", "PIoT2020.DAL.API\PIoT2020.DAL.API.csproj", "{715637FB-D27D-4B62-AD74-E54F3A5FF527}"
EndProject
Project("{9A19103F-16F7-4668-BE54-9A1E7A4F7556}") = "PIoT2020.BIZ", "PIoT2020.BIZ\PIoT2020.BIZ.csproj", "{5B4BE29E-EA56-423C-81F6-5863E90531C1}"
EndProject
Project("{2150E333-8FDC-42A3-9474-1A3956D46DE8}") = "Poblador", "Poblador", "{15421026-D735-48D0-9F69-C8F8E3226D7D}"
EndProject
Project("{FAE04EC0-301F-11D3-BF4B-00C04F79EFBC}") = "PIoT2020.Consultas.Consola", "PIoT2020.Consultas.Consola\PIoT2020.Consultas.Consola.csproj", "{B024AA58-B434-4420-A8E7-5A3389964B32}"
EndProject
Project("{2150E333-8FDC-42A3-9474-1A3956D46DE8}") = "Movil", "Movil", "{84929D2D-ED1F-4B6E-B9D3-B499A7641777}"
EndProject
Project("{FAE04EC0-301F-11D3-BF4B-00C04F79EFBC}") = "PIoT2020.Movil.UWP", "PIoT2020.Movil\PIoT2020.Movil.UWP\PIoT2020.Movil.UWP.csproj", "{75E8FBCC-405D-4EFA-815D-62922EA6A99B}"
EndProject
Project("{FAE04EC0-301F-11D3-BF4B-00C04F79EFBC}") = "PIoT2020.Movil.Android", "PIoT2020.Movil\PIoT2020.Movil.Android\PIoT2020.Movil.Android.csproj", "{BDF940BB-5ED1-4EA1-B518-83F6F443D8FE}"
EndProject
Project("{FAE04EC0-301F-11D3-BF4B-00C04F79EFBC}") = "PIoT2020.Movil.iOS", "PIoT2020.Movil\PIoT2020.Movil.iOS\PIoT2020.Movil.iOS.csproj", "{30A95FDE-B5F0-4059-B495-FB89FC6815C9}"
EndProject
Project("{9A19103F-16F7-4668-BE54-9A1E7A4F7556}") = "PIoT2020.Movil", "PIoT2020.Movil\PIoT2020.Movil\PIoT2020.Movil.csproj", "{17D6EF59-A1AC-47AA-BB5F-12240F035B34}"
EndProject
Project("{FAE04EC0-301F-11D3-BF4B-00C04F79EFBC}") = "Admin", "Admin\Admin.csproj", "{2C949EF6-E4DF-4E8A-8EEB-149D9CBC6732}"
EndProject
Global
	GlobalSection(SolutionConfigurationPlatforms) = preSolution
		Debug|Any CPU = Debug|Any CPU
		Debug|ARM = Debug|ARM
		Debug|iPhone = Debug|iPhone
		Debug|iPhoneSimulator = Debug|iPhoneSimulator
		Debug|x64 = Debug|x64
		Debug|x86 = Debug|x86
		Release|Any CPU = Release|Any CPU
		Release|ARM = Release|ARM
		Release|iPhone = Release|iPhone
		Release|iPhoneSimulator = Release|iPhoneSimulator
		Release|x64 = Release|x64
		Release|x86 = Release|x86
	EndGlobalSection
	GlobalSection(ProjectConfigurationPlatforms) = postSolution
		{DDFE3B7F-948C-4568-8335-34D3F856AE42}.Debug|Any CPU.ActiveCfg = Debug|Any CPU
		{DDFE3B7F-948C-4568-8335-34D3F856AE42}.Debug|Any CPU.Build.0 = Debug|Any CPU
		{DDFE3B7F-948C-4568-8335-34D3F856AE42}.Debug|ARM.ActiveCfg = Debug|Any CPU
		{DDFE3B7F-948C-4568-8335-34D3F856AE42}.Debug|ARM.Build.0 = Debug|Any CPU
		{DDFE3B7F-948C-4568-8335-34D3F856AE42}.Debug|iPhone.ActiveCfg = Debug|Any CPU
		{DDFE3B7F-948C-4568-8335-34D3F856AE42}.Debug|iPhone.Build.0 = Debug|Any CPU
		{DDFE3B7F-948C-4568-8335-34D3F856AE42}.Debug|iPhoneSimulator.ActiveCfg = Debug|Any CPU
		{DDFE3B7F-948C-4568-8335-34D3F856AE42}.Debug|iPhoneSimulator.Build.0 = Debug|Any CPU
		{DDFE3B7F-948C-4568-8335-34D3F856AE42}.Debug|x64.ActiveCfg = Debug|Any CPU
		{DDFE3B7F-948C-4568-8335-34D3F856AE42}.Debug|x64.Build.0 = Debug|Any CPU
		{DDFE3B7F-948C-4568-8335-34D3F856AE42}.Debug|x86.ActiveCfg = Debug|Any CPU
		{DDFE3B7F-948C-4568-8335-34D3F856AE42}.Debug|x86.Build.0 = Debug|Any CPU
		{DDFE3B7F-948C-4568-8335-34D3F856AE42}.Release|Any CPU.ActiveCfg = Release|Any CPU
		{DDFE3B7F-948C-4568-8335-34D3F856AE42}.Release|Any CPU.Build.0 = Release|Any CPU
		{DDFE3B7F-948C-4568-8335-34D3F856AE42}.Release|ARM.ActiveCfg = Release|Any CPU
		{DDFE3B7F-948C-4568-8335-34D3F856AE42}.Release|ARM.Build.0 = Release|Any CPU
		{DDFE3B7F-948C-4568-8335-34D3F856AE42}.Release|iPhone.ActiveCfg = Release|Any CPU
		{DDFE3B7F-948C-4568-8335-34D3F856AE42}.Release|iPhone.Build.0 = Release|Any CPU
		{DDFE3B7F-948C-4568-8335-34D3F856AE42}.Release|iPhoneSimulator.ActiveCfg = Release|Any CPU
		{DDFE3B7F-948C-4568-8335-34D3F856AE42}.Release|iPhoneSimulator.Build.0 = Release|Any CPU
		{DDFE3B7F-948C-4568-8335-34D3F856AE42}.Release|x64.ActiveCfg = Release|Any CPU
		{DDFE3B7F-948C-4568-8335-34D3F856AE42}.Release|x64.Build.0 = Release|Any CPU
		{DDFE3B7F-948C-4568-8335-34D3F856AE42}.Release|x86.ActiveCfg = Release|Any CPU
		{DDFE3B7F-948C-4568-8335-34D3F856AE42}.Release|x86.Build.0 = Release|Any CPU
		{D79B01DE-BB8A-40B4-8803-0F9C050661CD}.Debug|Any CPU.ActiveCfg = Debug|Any CPU
		{D79B01DE-BB8A-40B4-8803-0F9C050661CD}.Debug|Any CPU.Build.0 = Debug|Any CPU
		{D79B01DE-BB8A-40B4-8803-0F9C050661CD}.Debug|ARM.ActiveCfg = Debug|Any CPU
		{D79B01DE-BB8A-40B4-8803-0F9C050661CD}.Debug|ARM.Build.0 = Debug|Any CPU
		{D79B01DE-BB8A-40B4-8803-0F9C050661CD}.Debug|iPhone.ActiveCfg = Debug|Any CPU
		{D79B01DE-BB8A-40B4-8803-0F9C050661CD}.Debug|iPhone.Build.0 = Debug|Any CPU
		{D79B01DE-BB8A-40B4-8803-0F9C050661CD}.Debug|iPhoneSimulator.ActiveCfg = Debug|Any CPU
		{D79B01DE-BB8A-40B4-8803-0F9C050661CD}.Debug|iPhoneSimulator.Build.0 = Debug|Any CPU
		{D79B01DE-BB8A-40B4-8803-0F9C050661CD}.Debug|x64.ActiveCfg = Debug|Any CPU
		{D79B01DE-BB8A-40B4-8803-0F9C050661CD}.Debug|x64.Build.0 = Debug|Any CPU
		{D79B01DE-BB8A-40B4-8803-0F9C050661CD}.Debug|x86.ActiveCfg = Debug|Any CPU
		{D79B01DE-BB8A-40B4-8803-0F9C050661CD}.Debug|x86.Build.0 = Debug|Any CPU
		{D79B01DE-BB8A-40B4-8803-0F9C050661CD}.Release|Any CPU.ActiveCfg = Release|Any CPU
		{D79B01DE-BB8A-40B4-8803-0F9C050661CD}.Release|Any CPU.Build.0 = Release|Any CPU
		{D79B01DE-BB8A-40B4-8803-0F9C050661CD}.Release|ARM.ActiveCfg = Release|Any CPU
		{D79B01DE-BB8A-40B4-8803-0F9C050661CD}.Release|ARM.Build.0 = Release|Any CPU
		{D79B01DE-BB8A-40B4-8803-0F9C050661CD}.Release|iPhone.ActiveCfg = Release|Any CPU
		{D79B01DE-BB8A-40B4-8803-0F9C050661CD}.Release|iPhone.Build.0 = Release|Any CPU
		{D79B01DE-BB8A-40B4-8803-0F9C050661CD}.Release|iPhoneSimulator.ActiveCfg = Release|Any CPU
		{D79B01DE-BB8A-40B4-8803-0F9C050661CD}.Release|iPhoneSimulator.Build.0 = Release|Any CPU
		{D79B01DE-BB8A-40B4-8803-0F9C050661CD}.Release|x64.ActiveCfg = Release|Any CPU
		{D79B01DE-BB8A-40B4-8803-0F9C050661CD}.Release|x64.Build.0 = Release|Any CPU
		{D79B01DE-BB8A-40B4-8803-0F9C050661CD}.Release|x86.ActiveCfg = Release|Any CPU
		{D79B01DE-BB8A-40B4-8803-0F9C050661CD}.Release|x86.Build.0 = Release|Any CPU
		{17CC86C2-5248-411F-8CAD-B67448FE88F6}.Debug|Any CPU.ActiveCfg = Debug|Any CPU
		{17CC86C2-5248-411F-8CAD-B67448FE88F6}.Debug|Any CPU.Build.0 = Debug|Any CPU
		{17CC86C2-5248-411F-8CAD-B67448FE88F6}.Debug|ARM.ActiveCfg = Debug|Any CPU
		{17CC86C2-5248-411F-8CAD-B67448FE88F6}.Debug|ARM.Build.0 = Debug|Any CPU
		{17CC86C2-5248-411F-8CAD-B67448FE88F6}.Debug|iPhone.ActiveCfg = Debug|Any CPU
		{17CC86C2-5248-411F-8CAD-B67448FE88F6}.Debug|iPhone.Build.0 = Debug|Any CPU
		{17CC86C2-5248-411F-8CAD-B67448FE88F6}.Debug|iPhoneSimulator.ActiveCfg = Debug|Any CPU
		{17CC86C2-5248-411F-8CAD-B67448FE88F6}.Debug|iPhoneSimulator.Build.0 = Debug|Any CPU
		{17CC86C2-5248-411F-8CAD-B67448FE88F6}.Debug|x64.ActiveCfg = Debug|Any CPU
		{17CC86C2-5248-411F-8CAD-B67448FE88F6}.Debug|x64.Build.0 = Debug|Any CPU
		{17CC86C2-5248-411F-8CAD-B67448FE88F6}.Debug|x86.ActiveCfg = Debug|Any CPU
		{17CC86C2-5248-411F-8CAD-B67448FE88F6}.Debug|x86.Build.0 = Debug|Any CPU
		{17CC86C2-5248-411F-8CAD-B67448FE88F6}.Release|Any CPU.ActiveCfg = Release|Any CPU
		{17CC86C2-5248-411F-8CAD-B67448FE88F6}.Release|Any CPU.Build.0 = Release|Any CPU
		{17CC86C2-5248-411F-8CAD-B67448FE88F6}.Release|ARM.ActiveCfg = Release|Any CPU
		{17CC86C2-5248-411F-8CAD-B67448FE88F6}.Release|ARM.Build.0 = Release|Any CPU
		{17CC86C2-5248-411F-8CAD-B67448FE88F6}.Release|iPhone.ActiveCfg = Release|Any CPU
		{17CC86C2-5248-411F-8CAD-B67448FE88F6}.Release|iPhone.Build.0 = Release|Any CPU
		{17CC86C2-5248-411F-8CAD-B67448FE88F6}.Release|iPhoneSimulator.ActiveCfg = Release|Any CPU
		{17CC86C2-5248-411F-8CAD-B67448FE88F6}.Release|iPhoneSimulator.Build.0 = Release|Any CPU
		{17CC86C2-5248-411F-8CAD-B67448FE88F6}.Release|x64.ActiveCfg = Release|Any CPU
		{17CC86C2-5248-411F-8CAD-B67448FE88F6}.Release|x64.Build.0 = Release|Any CPU
		{17CC86C2-5248-411F-8CAD-B67448FE88F6}.Release|x86.ActiveCfg = Release|Any CPU
		{17CC86C2-5248-411F-8CAD-B67448FE88F6}.Release|x86.Build.0 = Release|Any CPU
		{1DF1CD14-DBFF-4AFB-8D30-3474ECB1BDDE}.Debug|Any CPU.ActiveCfg = Debug|Any CPU
		{1DF1CD14-DBFF-4AFB-8D30-3474ECB1BDDE}.Debug|Any CPU.Build.0 = Debug|Any CPU
		{1DF1CD14-DBFF-4AFB-8D30-3474ECB1BDDE}.Debug|ARM.ActiveCfg = Debug|Any CPU
		{1DF1CD14-DBFF-4AFB-8D30-3474ECB1BDDE}.Debug|ARM.Build.0 = Debug|Any CPU
		{1DF1CD14-DBFF-4AFB-8D30-3474ECB1BDDE}.Debug|iPhone.ActiveCfg = Debug|Any CPU
		{1DF1CD14-DBFF-4AFB-8D30-3474ECB1BDDE}.Debug|iPhone.Build.0 = Debug|Any CPU
		{1DF1CD14-DBFF-4AFB-8D30-3474ECB1BDDE}.Debug|iPhoneSimulator.ActiveCfg = Debug|Any CPU
		{1DF1CD14-DBFF-4AFB-8D30-3474ECB1BDDE}.Debug|iPhoneSimulator.Build.0 = Debug|Any CPU
		{1DF1CD14-DBFF-4AFB-8D30-3474ECB1BDDE}.Debug|x64.ActiveCfg = Debug|Any CPU
		{1DF1CD14-DBFF-4AFB-8D30-3474ECB1BDDE}.Debug|x64.Build.0 = Debug|Any CPU
		{1DF1CD14-DBFF-4AFB-8D30-3474ECB1BDDE}.Debug|x86.ActiveCfg = Debug|Any CPU
		{1DF1CD14-DBFF-4AFB-8D30-3474ECB1BDDE}.Debug|x86.Build.0 = Debug|Any CPU
		{1DF1CD14-DBFF-4AFB-8D30-3474ECB1BDDE}.Release|Any CPU.ActiveCfg = Release|Any CPU
		{1DF1CD14-DBFF-4AFB-8D30-3474ECB1BDDE}.Release|Any CPU.Build.0 = Release|Any CPU
		{1DF1CD14-DBFF-4AFB-8D30-3474ECB1BDDE}.Release|ARM.ActiveCfg = Release|Any CPU
		{1DF1CD14-DBFF-4AFB-8D30-3474ECB1BDDE}.Release|ARM.Build.0 = Release|Any CPU
		{1DF1CD14-DBFF-4AFB-8D30-3474ECB1BDDE}.Release|iPhone.ActiveCfg = Release|Any CPU
		{1DF1CD14-DBFF-4AFB-8D30-3474ECB1BDDE}.Release|iPhone.Build.0 = Release|Any CPU
		{1DF1CD14-DBFF-4AFB-8D30-3474ECB1BDDE}.Release|iPhoneSimulator.ActiveCfg = Release|Any CPU
		{1DF1CD14-DBFF-4AFB-8D30-3474ECB1BDDE}.Release|iPhoneSimulator.Build.0 = Release|Any CPU
		{1DF1CD14-DBFF-4AFB-8D30-3474ECB1BDDE}.Release|x64.ActiveCfg = Release|Any CPU
		{1DF1CD14-DBFF-4AFB-8D30-3474ECB1BDDE}.Release|x64.Build.0 = Release|Any CPU
		{1DF1CD14-DBFF-4AFB-8D30-3474ECB1BDDE}.Release|x86.ActiveCfg = Release|Any CPU
		{1DF1CD14-DBFF-4AFB-8D30-3474ECB1BDDE}.Release|x86.Build.0 = Release|Any CPU
		{538BC7FF-6144-4B37-9040-54C023C3F6D1}.Debug|Any CPU.ActiveCfg = Debug|Any CPU
		{538BC7FF-6144-4B37-9040-54C023C3F6D1}.Debug|Any CPU.Build.0 = Debug|Any CPU
		{538BC7FF-6144-4B37-9040-54C023C3F6D1}.Debug|ARM.ActiveCfg = Debug|Any CPU
		{538BC7FF-6144-4B37-9040-54C023C3F6D1}.Debug|ARM.Build.0 = Debug|Any CPU
		{538BC7FF-6144-4B37-9040-54C023C3F6D1}.Debug|iPhone.ActiveCfg = Debug|Any CPU
		{538BC7FF-6144-4B37-9040-54C023C3F6D1}.Debug|iPhone.Build.0 = Debug|Any CPU
		{538BC7FF-6144-4B37-9040-54C023C3F6D1}.Debug|iPhoneSimulator.ActiveCfg = Debug|Any CPU
		{538BC7FF-6144-4B37-9040-54C023C3F6D1}.Debug|iPhoneSimulator.Build.0 = Debug|Any CPU
		{538BC7FF-6144-4B37-9040-54C023C3F6D1}.Debug|x64.ActiveCfg = Debug|Any CPU
		{538BC7FF-6144-4B37-9040-54C023C3F6D1}.Debug|x64.Build.0 = Debug|Any CPU
		{538BC7FF-6144-4B37-9040-54C023C3F6D1}.Debug|x86.ActiveCfg = Debug|Any CPU
		{538BC7FF-6144-4B37-9040-54C023C3F6D1}.Debug|x86.Build.0 = Debug|Any CPU
		{538BC7FF-6144-4B37-9040-54C023C3F6D1}.Release|Any CPU.ActiveCfg = Release|Any CPU
		{538BC7FF-6144-4B37-9040-54C023C3F6D1}.Release|Any CPU.Build.0 = Release|Any CPU
		{538BC7FF-6144-4B37-9040-54C023C3F6D1}.Release|ARM.ActiveCfg = Release|Any CPU
		{538BC7FF-6144-4B37-9040-54C023C3F6D1}.Release|ARM.Build.0 = Release|Any CPU
		{538BC7FF-6144-4B37-9040-54C023C3F6D1}.Release|iPhone.ActiveCfg = Release|Any CPU
		{538BC7FF-6144-4B37-9040-54C023C3F6D1}.Release|iPhone.Build.0 = Release|Any CPU
		{538BC7FF-6144-4B37-9040-54C023C3F6D1}.Release|iPhoneSimulator.ActiveCfg = Release|Any CPU
		{538BC7FF-6144-4B37-9040-54C023C3F6D1}.Release|iPhoneSimulator.Build.0 = Release|Any CPU
		{538BC7FF-6144-4B37-9040-54C023C3F6D1}.Release|x64.ActiveCfg = Release|Any CPU
		{538BC7FF-6144-4B37-9040-54C023C3F6D1}.Release|x64.Build.0 = Release|Any CPU
		{538BC7FF-6144-4B37-9040-54C023C3F6D1}.Release|x86.ActiveCfg = Release|Any CPU
		{538BC7FF-6144-4B37-9040-54C023C3F6D1}.Release|x86.Build.0 = Release|Any CPU
		{715637FB-D27D-4B62-AD74-E54F3A5FF527}.Debug|Any CPU.ActiveCfg = Debug|Any CPU
		{715637FB-D27D-4B62-AD74-E54F3A5FF527}.Debug|Any CPU.Build.0 = Debug|Any CPU
		{715637FB-D27D-4B62-AD74-E54F3A5FF527}.Debug|ARM.ActiveCfg = Debug|Any CPU
		{715637FB-D27D-4B62-AD74-E54F3A5FF527}.Debug|ARM.Build.0 = Debug|Any CPU
		{715637FB-D27D-4B62-AD74-E54F3A5FF527}.Debug|iPhone.ActiveCfg = Debug|Any CPU
		{715637FB-D27D-4B62-AD74-E54F3A5FF527}.Debug|iPhone.Build.0 = Debug|Any CPU
		{715637FB-D27D-4B62-AD74-E54F3A5FF527}.Debug|iPhoneSimulator.ActiveCfg = Debug|Any CPU
		{715637FB-D27D-4B62-AD74-E54F3A5FF527}.Debug|iPhoneSimulator.Build.0 = Debug|Any CPU
		{715637FB-D27D-4B62-AD74-E54F3A5FF527}.Debug|x64.ActiveCfg = Debug|Any CPU
		{715637FB-D27D-4B62-AD74-E54F3A5FF527}.Debug|x64.Build.0 = Debug|Any CPU
		{715637FB-D27D-4B62-AD74-E54F3A5FF527}.Debug|x86.ActiveCfg = Debug|Any CPU
		{715637FB-D27D-4B62-AD74-E54F3A5FF527}.Debug|x86.Build.0 = Debug|Any CPU
		{715637FB-D27D-4B62-AD74-E54F3A5FF527}.Release|Any CPU.ActiveCfg = Release|Any CPU
		{715637FB-D27D-4B62-AD74-E54F3A5FF527}.Release|Any CPU.Build.0 = Release|Any CPU
		{715637FB-D27D-4B62-AD74-E54F3A5FF527}.Release|ARM.ActiveCfg = Release|Any CPU
		{715637FB-D27D-4B62-AD74-E54F3A5FF527}.Release|ARM.Build.0 = Release|Any CPU
		{715637FB-D27D-4B62-AD74-E54F3A5FF527}.Release|iPhone.ActiveCfg = Release|Any CPU
		{715637FB-D27D-4B62-AD74-E54F3A5FF527}.Release|iPhone.Build.0 = Release|Any CPU
		{715637FB-D27D-4B62-AD74-E54F3A5FF527}.Release|iPhoneSimulator.ActiveCfg = Release|Any CPU
		{715637FB-D27D-4B62-AD74-E54F3A5FF527}.Release|iPhoneSimulator.Build.0 = Release|Any CPU
		{715637FB-D27D-4B62-AD74-E54F3A5FF527}.Release|x64.ActiveCfg = Release|Any CPU
		{715637FB-D27D-4B62-AD74-E54F3A5FF527}.Release|x64.Build.0 = Release|Any CPU
		{715637FB-D27D-4B62-AD74-E54F3A5FF527}.Release|x86.ActiveCfg = Release|Any CPU
		{715637FB-D27D-4B62-AD74-E54F3A5FF527}.Release|x86.Build.0 = Release|Any CPU
		{5B4BE29E-EA56-423C-81F6-5863E90531C1}.Debug|Any CPU.ActiveCfg = Debug|Any CPU
		{5B4BE29E-EA56-423C-81F6-5863E90531C1}.Debug|Any CPU.Build.0 = Debug|Any CPU
		{5B4BE29E-EA56-423C-81F6-5863E90531C1}.Debug|ARM.ActiveCfg = Debug|Any CPU
		{5B4BE29E-EA56-423C-81F6-5863E90531C1}.Debug|ARM.Build.0 = Debug|Any CPU
		{5B4BE29E-EA56-423C-81F6-5863E90531C1}.Debug|iPhone.ActiveCfg = Debug|Any CPU
		{5B4BE29E-EA56-423C-81F6-5863E90531C1}.Debug|iPhone.Build.0 = Debug|Any CPU
		{5B4BE29E-EA56-423C-81F6-5863E90531C1}.Debug|iPhoneSimulator.ActiveCfg = Debug|Any CPU
		{5B4BE29E-EA56-423C-81F6-5863E90531C1}.Debug|iPhoneSimulator.Build.0 = Debug|Any CPU
		{5B4BE29E-EA56-423C-81F6-5863E90531C1}.Debug|x64.ActiveCfg = Debug|Any CPU
		{5B4BE29E-EA56-423C-81F6-5863E90531C1}.Debug|x64.Build.0 = Debug|Any CPU
		{5B4BE29E-EA56-423C-81F6-5863E90531C1}.Debug|x86.ActiveCfg = Debug|Any CPU
		{5B4BE29E-EA56-423C-81F6-5863E90531C1}.Debug|x86.Build.0 = Debug|Any CPU
		{5B4BE29E-EA56-423C-81F6-5863E90531C1}.Release|Any CPU.ActiveCfg = Release|Any CPU
		{5B4BE29E-EA56-423C-81F6-5863E90531C1}.Release|Any CPU.Build.0 = Release|Any CPU
		{5B4BE29E-EA56-423C-81F6-5863E90531C1}.Release|ARM.ActiveCfg = Release|Any CPU
		{5B4BE29E-EA56-423C-81F6-5863E90531C1}.Release|ARM.Build.0 = Release|Any CPU
		{5B4BE29E-EA56-423C-81F6-5863E90531C1}.Release|iPhone.ActiveCfg = Release|Any CPU
		{5B4BE29E-EA56-423C-81F6-5863E90531C1}.Release|iPhone.Build.0 = Release|Any CPU
		{5B4BE29E-EA56-423C-81F6-5863E90531C1}.Release|iPhoneSimulator.ActiveCfg = Release|Any CPU
		{5B4BE29E-EA56-423C-81F6-5863E90531C1}.Release|iPhoneSimulator.Build.0 = Release|Any CPU
		{5B4BE29E-EA56-423C-81F6-5863E90531C1}.Release|x64.ActiveCfg = Release|Any CPU
		{5B4BE29E-EA56-423C-81F6-5863E90531C1}.Release|x64.Build.0 = Release|Any CPU
		{5B4BE29E-EA56-423C-81F6-5863E90531C1}.Release|x86.ActiveCfg = Release|Any CPU
		{5B4BE29E-EA56-423C-81F6-5863E90531C1}.Release|x86.Build.0 = Release|Any CPU
		{B024AA58-B434-4420-A8E7-5A3389964B32}.Debug|Any CPU.ActiveCfg = Debug|Any CPU
		{B024AA58-B434-4420-A8E7-5A3389964B32}.Debug|Any CPU.Build.0 = Debug|Any CPU
		{B024AA58-B434-4420-A8E7-5A3389964B32}.Debug|ARM.ActiveCfg = Debug|Any CPU
		{B024AA58-B434-4420-A8E7-5A3389964B32}.Debug|ARM.Build.0 = Debug|Any CPU
		{B024AA58-B434-4420-A8E7-5A3389964B32}.Debug|iPhone.ActiveCfg = Debug|Any CPU
		{B024AA58-B434-4420-A8E7-5A3389964B32}.Debug|iPhone.Build.0 = Debug|Any CPU
		{B024AA58-B434-4420-A8E7-5A3389964B32}.Debug|iPhoneSimulator.ActiveCfg = Debug|Any CPU
		{B024AA58-B434-4420-A8E7-5A3389964B32}.Debug|iPhoneSimulator.Build.0 = Debug|Any CPU
		{B024AA58-B434-4420-A8E7-5A3389964B32}.Debug|x64.ActiveCfg = Debug|Any CPU
		{B024AA58-B434-4420-A8E7-5A3389964B32}.Debug|x64.Build.0 = Debug|Any CPU
		{B024AA58-B434-4420-A8E7-5A3389964B32}.Debug|x86.ActiveCfg = Debug|Any CPU
		{B024AA58-B434-4420-A8E7-5A3389964B32}.Debug|x86.Build.0 = Debug|Any CPU
		{B024AA58-B434-4420-A8E7-5A3389964B32}.Release|Any CPU.ActiveCfg = Release|Any CPU
		{B024AA58-B434-4420-A8E7-5A3389964B32}.Release|Any CPU.Build.0 = Release|Any CPU
		{B024AA58-B434-4420-A8E7-5A3389964B32}.Release|ARM.ActiveCfg = Release|Any CPU
		{B024AA58-B434-4420-A8E7-5A3389964B32}.Release|ARM.Build.0 = Release|Any CPU
		{B024AA58-B434-4420-A8E7-5A3389964B32}.Release|iPhone.ActiveCfg = Release|Any CPU
		{B024AA58-B434-4420-A8E7-5A3389964B32}.Release|iPhone.Build.0 = Release|Any CPU
		{B024AA58-B434-4420-A8E7-5A3389964B32}.Release|iPhoneSimulator.ActiveCfg = Release|Any CPU
		{B024AA58-B434-4420-A8E7-5A3389964B32}.Release|iPhoneSimulator.Build.0 = Release|Any CPU
		{B024AA58-B434-4420-A8E7-5A3389964B32}.Release|x64.ActiveCfg = Release|Any CPU
		{B024AA58-B434-4420-A8E7-5A3389964B32}.Release|x64.Build.0 = Release|Any CPU
		{B024AA58-B434-4420-A8E7-5A3389964B32}.Release|x86.ActiveCfg = Release|Any CPU
		{B024AA58-B434-4420-A8E7-5A3389964B32}.Release|x86.Build.0 = Release|Any CPU
		{75E8FBCC-405D-4EFA-815D-62922EA6A99B}.Debug|Any CPU.ActiveCfg = Debug|x86
		{75E8FBCC-405D-4EFA-815D-62922EA6A99B}.Debug|Any CPU.Build.0 = Debug|x86
		{75E8FBCC-405D-4EFA-815D-62922EA6A99B}.Debug|Any CPU.Deploy.0 = Debug|x86
		{75E8FBCC-405D-4EFA-815D-62922EA6A99B}.Debug|ARM.ActiveCfg = Debug|ARM
		{75E8FBCC-405D-4EFA-815D-62922EA6A99B}.Debug|ARM.Build.0 = Debug|ARM
		{75E8FBCC-405D-4EFA-815D-62922EA6A99B}.Debug|ARM.Deploy.0 = Debug|ARM
		{75E8FBCC-405D-4EFA-815D-62922EA6A99B}.Debug|iPhone.ActiveCfg = Debug|x86
		{75E8FBCC-405D-4EFA-815D-62922EA6A99B}.Debug|iPhoneSimulator.ActiveCfg = Debug|x86
		{75E8FBCC-405D-4EFA-815D-62922EA6A99B}.Debug|x64.ActiveCfg = Debug|x64
		{75E8FBCC-405D-4EFA-815D-62922EA6A99B}.Debug|x64.Build.0 = Debug|x64
		{75E8FBCC-405D-4EFA-815D-62922EA6A99B}.Debug|x64.Deploy.0 = Debug|x64
		{75E8FBCC-405D-4EFA-815D-62922EA6A99B}.Debug|x86.ActiveCfg = Debug|x86
		{75E8FBCC-405D-4EFA-815D-62922EA6A99B}.Debug|x86.Build.0 = Debug|x86
		{75E8FBCC-405D-4EFA-815D-62922EA6A99B}.Debug|x86.Deploy.0 = Debug|x86
		{75E8FBCC-405D-4EFA-815D-62922EA6A99B}.Release|Any CPU.ActiveCfg = Release|x86
		{75E8FBCC-405D-4EFA-815D-62922EA6A99B}.Release|ARM.ActiveCfg = Release|ARM
		{75E8FBCC-405D-4EFA-815D-62922EA6A99B}.Release|ARM.Build.0 = Release|ARM
		{75E8FBCC-405D-4EFA-815D-62922EA6A99B}.Release|ARM.Deploy.0 = Release|ARM
		{75E8FBCC-405D-4EFA-815D-62922EA6A99B}.Release|iPhone.ActiveCfg = Release|x86
		{75E8FBCC-405D-4EFA-815D-62922EA6A99B}.Release|iPhoneSimulator.ActiveCfg = Release|x86
		{75E8FBCC-405D-4EFA-815D-62922EA6A99B}.Release|x64.ActiveCfg = Release|x64
		{75E8FBCC-405D-4EFA-815D-62922EA6A99B}.Release|x64.Build.0 = Release|x64
		{75E8FBCC-405D-4EFA-815D-62922EA6A99B}.Release|x64.Deploy.0 = Release|x64
		{75E8FBCC-405D-4EFA-815D-62922EA6A99B}.Release|x86.ActiveCfg = Release|x86
		{75E8FBCC-405D-4EFA-815D-62922EA6A99B}.Release|x86.Build.0 = Release|x86
		{75E8FBCC-405D-4EFA-815D-62922EA6A99B}.Release|x86.Deploy.0 = Release|x86
		{BDF940BB-5ED1-4EA1-B518-83F6F443D8FE}.Debug|Any CPU.ActiveCfg = Debug|Any CPU
		{BDF940BB-5ED1-4EA1-B518-83F6F443D8FE}.Debug|Any CPU.Build.0 = Debug|Any CPU
		{BDF940BB-5ED1-4EA1-B518-83F6F443D8FE}.Debug|Any CPU.Deploy.0 = Debug|Any CPU
		{BDF940BB-5ED1-4EA1-B518-83F6F443D8FE}.Debug|ARM.ActiveCfg = Debug|Any CPU
		{BDF940BB-5ED1-4EA1-B518-83F6F443D8FE}.Debug|ARM.Build.0 = Debug|Any CPU
		{BDF940BB-5ED1-4EA1-B518-83F6F443D8FE}.Debug|ARM.Deploy.0 = Debug|Any CPU
		{BDF940BB-5ED1-4EA1-B518-83F6F443D8FE}.Debug|iPhone.ActiveCfg = Debug|Any CPU
		{BDF940BB-5ED1-4EA1-B518-83F6F443D8FE}.Debug|iPhone.Build.0 = Debug|Any CPU
		{BDF940BB-5ED1-4EA1-B518-83F6F443D8FE}.Debug|iPhone.Deploy.0 = Debug|Any CPU
		{BDF940BB-5ED1-4EA1-B518-83F6F443D8FE}.Debug|iPhoneSimulator.ActiveCfg = Debug|Any CPU
		{BDF940BB-5ED1-4EA1-B518-83F6F443D8FE}.Debug|iPhoneSimulator.Build.0 = Debug|Any CPU
		{BDF940BB-5ED1-4EA1-B518-83F6F443D8FE}.Debug|iPhoneSimulator.Deploy.0 = Debug|Any CPU
		{BDF940BB-5ED1-4EA1-B518-83F6F443D8FE}.Debug|x64.ActiveCfg = Debug|Any CPU
		{BDF940BB-5ED1-4EA1-B518-83F6F443D8FE}.Debug|x64.Build.0 = Debug|Any CPU
		{BDF940BB-5ED1-4EA1-B518-83F6F443D8FE}.Debug|x64.Deploy.0 = Debug|Any CPU
		{BDF940BB-5ED1-4EA1-B518-83F6F443D8FE}.Debug|x86.ActiveCfg = Debug|Any CPU
		{BDF940BB-5ED1-4EA1-B518-83F6F443D8FE}.Debug|x86.Build.0 = Debug|Any CPU
		{BDF940BB-5ED1-4EA1-B518-83F6F443D8FE}.Debug|x86.Deploy.0 = Debug|Any CPU
		{BDF940BB-5ED1-4EA1-B518-83F6F443D8FE}.Release|Any CPU.ActiveCfg = Release|Any CPU
		{BDF940BB-5ED1-4EA1-B518-83F6F443D8FE}.Release|Any CPU.Build.0 = Release|Any CPU
		{BDF940BB-5ED1-4EA1-B518-83F6F443D8FE}.Release|Any CPU.Deploy.0 = Release|Any CPU
		{BDF940BB-5ED1-4EA1-B518-83F6F443D8FE}.Release|ARM.ActiveCfg = Release|Any CPU
		{BDF940BB-5ED1-4EA1-B518-83F6F443D8FE}.Release|ARM.Build.0 = Release|Any CPU
		{BDF940BB-5ED1-4EA1-B518-83F6F443D8FE}.Release|ARM.Deploy.0 = Release|Any CPU
		{BDF940BB-5ED1-4EA1-B518-83F6F443D8FE}.Release|iPhone.ActiveCfg = Release|Any CPU
		{BDF940BB-5ED1-4EA1-B518-83F6F443D8FE}.Release|iPhone.Build.0 = Release|Any CPU
		{BDF940BB-5ED1-4EA1-B518-83F6F443D8FE}.Release|iPhone.Deploy.0 = Release|Any CPU
		{BDF940BB-5ED1-4EA1-B518-83F6F443D8FE}.Release|iPhoneSimulator.ActiveCfg = Release|Any CPU
		{BDF940BB-5ED1-4EA1-B518-83F6F443D8FE}.Release|iPhoneSimulator.Build.0 = Release|Any CPU
		{BDF940BB-5ED1-4EA1-B518-83F6F443D8FE}.Release|iPhoneSimulator.Deploy.0 = Release|Any CPU
		{BDF940BB-5ED1-4EA1-B518-83F6F443D8FE}.Release|x64.ActiveCfg = Release|Any CPU
		{BDF940BB-5ED1-4EA1-B518-83F6F443D8FE}.Release|x64.Build.0 = Release|Any CPU
		{BDF940BB-5ED1-4EA1-B518-83F6F443D8FE}.Release|x64.Deploy.0 = Release|Any CPU
		{BDF940BB-5ED1-4EA1-B518-83F6F443D8FE}.Release|x86.ActiveCfg = Release|Any CPU
		{BDF940BB-5ED1-4EA1-B518-83F6F443D8FE}.Release|x86.Build.0 = Release|Any CPU
		{BDF940BB-5ED1-4EA1-B518-83F6F443D8FE}.Release|x86.Deploy.0 = Release|Any CPU
		{30A95FDE-B5F0-4059-B495-FB89FC6815C9}.Debug|Any CPU.ActiveCfg = Debug|iPhone
		{30A95FDE-B5F0-4059-B495-FB89FC6815C9}.Debug|ARM.ActiveCfg = Debug|iPhone
		{30A95FDE-B5F0-4059-B495-FB89FC6815C9}.Debug|iPhone.ActiveCfg = Debug|iPhone
		{30A95FDE-B5F0-4059-B495-FB89FC6815C9}.Debug|iPhone.Build.0 = Debug|iPhone
		{30A95FDE-B5F0-4059-B495-FB89FC6815C9}.Debug|iPhoneSimulator.ActiveCfg = Debug|iPhoneSimulator
		{30A95FDE-B5F0-4059-B495-FB89FC6815C9}.Debug|iPhoneSimulator.Build.0 = Debug|iPhoneSimulator
		{30A95FDE-B5F0-4059-B495-FB89FC6815C9}.Debug|x64.ActiveCfg = Debug|iPhone
		{30A95FDE-B5F0-4059-B495-FB89FC6815C9}.Debug|x86.ActiveCfg = Debug|iPhone
		{30A95FDE-B5F0-4059-B495-FB89FC6815C9}.Release|Any CPU.ActiveCfg = Release|iPhone
		{30A95FDE-B5F0-4059-B495-FB89FC6815C9}.Release|ARM.ActiveCfg = Release|iPhone
		{30A95FDE-B5F0-4059-B495-FB89FC6815C9}.Release|iPhone.ActiveCfg = Release|iPhone
		{30A95FDE-B5F0-4059-B495-FB89FC6815C9}.Release|iPhone.Build.0 = Release|iPhone
		{30A95FDE-B5F0-4059-B495-FB89FC6815C9}.Release|iPhoneSimulator.ActiveCfg = Release|iPhoneSimulator
		{30A95FDE-B5F0-4059-B495-FB89FC6815C9}.Release|iPhoneSimulator.Build.0 = Release|iPhoneSimulator
		{30A95FDE-B5F0-4059-B495-FB89FC6815C9}.Release|x64.ActiveCfg = Release|iPhone
		{30A95FDE-B5F0-4059-B495-FB89FC6815C9}.Release|x86.ActiveCfg = Release|iPhone
		{17D6EF59-A1AC-47AA-BB5F-12240F035B34}.Debug|Any CPU.ActiveCfg = Debug|Any CPU
		{17D6EF59-A1AC-47AA-BB5F-12240F035B34}.Debug|Any CPU.Build.0 = Debug|Any CPU
		{17D6EF59-A1AC-47AA-BB5F-12240F035B34}.Debug|ARM.ActiveCfg = Debug|Any CPU
		{17D6EF59-A1AC-47AA-BB5F-12240F035B34}.Debug|ARM.Build.0 = Debug|Any CPU
		{17D6EF59-A1AC-47AA-BB5F-12240F035B34}.Debug|iPhone.ActiveCfg = Debug|Any CPU
		{17D6EF59-A1AC-47AA-BB5F-12240F035B34}.Debug|iPhone.Build.0 = Debug|Any CPU
		{17D6EF59-A1AC-47AA-BB5F-12240F035B34}.Debug|iPhoneSimulator.ActiveCfg = Debug|Any CPU
		{17D6EF59-A1AC-47AA-BB5F-12240F035B34}.Debug|iPhoneSimulator.Build.0 = Debug|Any CPU
		{17D6EF59-A1AC-47AA-BB5F-12240F035B34}.Debug|x64.ActiveCfg = Debug|Any CPU
		{17D6EF59-A1AC-47AA-BB5F-12240F035B34}.Debug|x64.Build.0 = Debug|Any CPU
		{17D6EF59-A1AC-47AA-BB5F-12240F035B34}.Debug|x86.ActiveCfg = Debug|Any CPU
		{17D6EF59-A1AC-47AA-BB5F-12240F035B34}.Debug|x86.Build.0 = Debug|Any CPU
		{17D6EF59-A1AC-47AA-BB5F-12240F035B34}.Release|Any CPU.ActiveCfg = Release|Any CPU
		{17D6EF59-A1AC-47AA-BB5F-12240F035B34}.Release|Any CPU.Build.0 = Release|Any CPU
		{17D6EF59-A1AC-47AA-BB5F-12240F035B34}.Release|ARM.ActiveCfg = Release|Any CPU
		{17D6EF59-A1AC-47AA-BB5F-12240F035B34}.Release|ARM.Build.0 = Release|Any CPU
		{17D6EF59-A1AC-47AA-BB5F-12240F035B34}.Release|iPhone.ActiveCfg = Release|Any CPU
		{17D6EF59-A1AC-47AA-BB5F-12240F035B34}.Release|iPhone.Build.0 = Release|Any CPU
		{17D6EF59-A1AC-47AA-BB5F-12240F035B34}.Release|iPhoneSimulator.ActiveCfg = Release|Any CPU
		{17D6EF59-A1AC-47AA-BB5F-12240F035B34}.Release|iPhoneSimulator.Build.0 = Release|Any CPU
		{17D6EF59-A1AC-47AA-BB5F-12240F035B34}.Release|x64.ActiveCfg = Release|Any CPU
		{17D6EF59-A1AC-47AA-BB5F-12240F035B34}.Release|x64.Build.0 = Release|Any CPU
		{17D6EF59-A1AC-47AA-BB5F-12240F035B34}.Release|x86.ActiveCfg = Release|Any CPU
		{17D6EF59-A1AC-47AA-BB5F-12240F035B34}.Release|x86.Build.0 = Release|Any CPU
		{2C949EF6-E4DF-4E8A-8EEB-149D9CBC6732}.Debug|Any CPU.ActiveCfg = Debug|Any CPU
		{2C949EF6-E4DF-4E8A-8EEB-149D9CBC6732}.Debug|Any CPU.Build.0 = Debug|Any CPU
		{2C949EF6-E4DF-4E8A-8EEB-149D9CBC6732}.Debug|ARM.ActiveCfg = Debug|Any CPU
		{2C949EF6-E4DF-4E8A-8EEB-149D9CBC6732}.Debug|ARM.Build.0 = Debug|Any CPU
		{2C949EF6-E4DF-4E8A-8EEB-149D9CBC6732}.Debug|iPhone.ActiveCfg = Debug|Any CPU
		{2C949EF6-E4DF-4E8A-8EEB-149D9CBC6732}.Debug|iPhone.Build.0 = Debug|Any CPU
		{2C949EF6-E4DF-4E8A-8EEB-149D9CBC6732}.Debug|iPhoneSimulator.ActiveCfg = Debug|Any CPU
		{2C949EF6-E4DF-4E8A-8EEB-149D9CBC6732}.Debug|iPhoneSimulator.Build.0 = Debug|Any CPU
		{2C949EF6-E4DF-4E8A-8EEB-149D9CBC6732}.Debug|x64.ActiveCfg = Debug|Any CPU
		{2C949EF6-E4DF-4E8A-8EEB-149D9CBC6732}.Debug|x64.Build.0 = Debug|Any CPU
		{2C949EF6-E4DF-4E8A-8EEB-149D9CBC6732}.Debug|x86.ActiveCfg = Debug|Any CPU
		{2C949EF6-E4DF-4E8A-8EEB-149D9CBC6732}.Debug|x86.Build.0 = Debug|Any CPU
		{2C949EF6-E4DF-4E8A-8EEB-149D9CBC6732}.Release|Any CPU.ActiveCfg = Release|Any CPU
		{2C949EF6-E4DF-4E8A-8EEB-149D9CBC6732}.Release|Any CPU.Build.0 = Release|Any CPU
		{2C949EF6-E4DF-4E8A-8EEB-149D9CBC6732}.Release|ARM.ActiveCfg = Release|Any CPU
		{2C949EF6-E4DF-4E8A-8EEB-149D9CBC6732}.Release|ARM.Build.0 = Release|Any CPU
		{2C949EF6-E4DF-4E8A-8EEB-149D9CBC6732}.Release|iPhone.ActiveCfg = Release|Any CPU
		{2C949EF6-E4DF-4E8A-8EEB-149D9CBC6732}.Release|iPhone.Build.0 = Release|Any CPU
		{2C949EF6-E4DF-4E8A-8EEB-149D9CBC6732}.Release|iPhoneSimulator.ActiveCfg = Release|Any CPU
		{2C949EF6-E4DF-4E8A-8EEB-149D9CBC6732}.Release|iPhoneSimulator.Build.0 = Release|Any CPU
		{2C949EF6-E4DF-4E8A-8EEB-149D9CBC6732}.Release|x64.ActiveCfg = Release|Any CPU
		{2C949EF6-E4DF-4E8A-8EEB-149D9CBC6732}.Release|x64.Build.0 = Release|Any CPU
		{2C949EF6-E4DF-4E8A-8EEB-149D9CBC6732}.Release|x86.ActiveCfg = Release|Any CPU
		{2C949EF6-E4DF-4E8A-8EEB-149D9CBC6732}.Release|x86.Build.0 = Release|Any CPU
	EndGlobalSection
	GlobalSection(SolutionProperties) = preSolution
		HideSolutionNode = FALSE
	EndGlobalSection
	GlobalSection(NestedProjects) = preSolution
		{DDFE3B7F-948C-4568-8335-34D3F856AE42} = {8633B044-C157-4BE7-97BD-1483070DB375}
		{D79B01DE-BB8A-40B4-8803-0F9C050661CD} = {8633B044-C157-4BE7-97BD-1483070DB375}
		{17CC86C2-5248-411F-8CAD-B67448FE88F6} = {8633B044-C157-4BE7-97BD-1483070DB375}
		{1DF1CD14-DBFF-4AFB-8D30-3474ECB1BDDE} = {9BA1FFE3-3700-4FCA-8053-8E70B75C9F62}
		{538BC7FF-6144-4B37-9040-54C023C3F6D1} = {9BA1FFE3-3700-4FCA-8053-8E70B75C9F62}
		{715637FB-D27D-4B62-AD74-E54F3A5FF527} = {9BA1FFE3-3700-4FCA-8053-8E70B75C9F62}
		{5B4BE29E-EA56-423C-81F6-5863E90531C1} = {9BA1FFE3-3700-4FCA-8053-8E70B75C9F62}
		{84929D2D-ED1F-4B6E-B9D3-B499A7641777} = {8633B044-C157-4BE7-97BD-1483070DB375}
		{75E8FBCC-405D-4EFA-815D-62922EA6A99B} = {84929D2D-ED1F-4B6E-B9D3-B499A7641777}
		{BDF940BB-5ED1-4EA1-B518-83F6F443D8FE} = {84929D2D-ED1F-4B6E-B9D3-B499A7641777}
		{30A95FDE-B5F0-4059-B495-FB89FC6815C9} = {84929D2D-ED1F-4B6E-B9D3-B499A7641777}
		{17D6EF59-A1AC-47AA-BB5F-12240F035B34} = {84929D2D-ED1F-4B6E-B9D3-B499A7641777}
		{2C949EF6-E4DF-4E8A-8EEB-149D9CBC6732} = {15421026-D735-48D0-9F69-C8F8E3226D7D}
	EndGlobalSection
	GlobalSection(ExtensibilityGlobals) = postSolution
		SolutionGuid = {9BF0549B-64E2-4512-8574-4AE4D7639197}
	EndGlobalSection
EndGlobal
